Microsoft Visual Studio Solution File, Format Version 12.00
# Visual Studio Version 15
VisualStudioVersion = 15.0.28315.86
MinimumVisualStudioVersion = 10.0.40219.1
Project("{FAE04EC0-301F-11D3-BF4B-00C04F79EFBC}") = "RTU", "RTU.csproj", "{A6A53F6D-7298-4D23-84C2-7CA357E47888}"
EndProject
Global
	GlobalSection(SolutionConfigurationPlatforms) = preSolution
		Debug|Any CPU = Debug|Any CPU
		Release|Any CPU = Release|Any CPU
	EndGlobalSection
	GlobalSection(ProjectConfigurationPlatforms) = postSolution
		{A6A53F6D-7298-4D23-84C2-7CA357E47888}.Debug|Any CPU.ActiveCfg = Debug|Any CPU
		{A6A53F6D-7298-4D23-84C2-7CA357E47888}.Debug|Any CPU.Build.0 = Debug|Any CPU
		{A6A53F6D-7298-4D23-84C2-7CA357E47888}.Release|Any CPU.ActiveCfg = Release|Any CPU
		{A6A53F6D-7298-4D23-84C2-7CA357E47888}.Release|Any CPU.Build.0 = Release|Any CPU
	EndGlobalSection
	GlobalSection(SolutionProperties) = preSolution
		HideSolutionNode = FALSE
	EndGlobalSection
	GlobalSection(ExtensibilityGlobals) = postSolution
		SolutionGuid = {C51DCA87-23B3-480C-AC88-2CD68B8D479D}
	EndGlobalSection
EndGlobal
